
Microsoft Visual Studio Solution File, Format Version 12.00
# Visual Studio Version 16
VisualStudioVersion = 16.0.31702.278
MinimumVisualStudioVersion = 10.0.40219.1
Project("{9A19103F-16F7-4668-BE54-9A1E7A4F7556}") = "CS295_TermProject", "CS295_TermProject\CS295_TermProject.csproj", "{5C57048F-9157-4A61-9540-CCF43E9D83FD}"
EndProject
Project("{FAE04EC0-301F-11D3-BF4B-00C04F79EFBC}") = "CS295_TermProject_Tests", "CS295_TermProject_Tests\CS295_TermProject_Tests.csproj", "{0507D3CB-8D8D-43DF-B82E-DD4F9CDE1A94}"
EndProject
Global
	GlobalSection(SolutionConfigurationPlatforms) = preSolution
		Debug|Any CPU = Debug|Any CPU
		Release|Any CPU = Release|Any CPU
	EndGlobalSection
	GlobalSection(ProjectConfigurationPlatforms) = postSolution
		{5C57048F-9157-4A61-9540-CCF43E9D83FD}.Debug|Any CPU.ActiveCfg = Debug|Any CPU
		{5C57048F-9157-4A61-9540-CCF43E9D83FD}.Debug|Any CPU.Build.0 = Debug|Any CPU
		{5C57048F-9157-4A61-9540-CCF43E9D83FD}.Release|Any CPU.ActiveCfg = Release|Any CPU
		{5C57048F-9157-4A61-9540-CCF43E9D83FD}.Release|Any CPU.Build.0 = Release|Any CPU
		{0507D3CB-8D8D-43DF-B82E-DD4F9CDE1A94}.Debug|Any CPU.ActiveCfg = Debug|Any CPU
		{0507D3CB-8D8D-43DF-B82E-DD4F9CDE1A94}.Debug|Any CPU.Build.0 = Debug|Any CPU
		{0507D3CB-8D8D-43DF-B82E-DD4F9CDE1A94}.Release|Any CPU.ActiveCfg = Release|Any CPU
		{0507D3CB-8D8D-43DF-B82E-DD4F9CDE1A94}.Release|Any CPU.Build.0 = Release|Any CPU
	EndGlobalSection
	GlobalSection(SolutionProperties) = preSolution
		HideSolutionNode = FALSE
	EndGlobalSection
	GlobalSection(ExtensibilityGlobals) = postSolution
		SolutionGuid = {830F41FF-9BA1-4BF9-993D-BFB50486CE0A}
	EndGlobalSection
EndGlobal
